// !$*UTF8*$!
{
	archiveVersion = 1;
	classes = {
	};
	objectVersion = 46;
	objects = {

/* Begin PBXBuildFile section */
		2C14FCDB235D0A320027CD52 /* NewsFeedTableCell.xib in Resources */ = {isa = PBXBuildFile; fileRef = FF7A12C71EBB8224008632B8 /* NewsFeedTableCell.xib */; };
		2C14FCDC235D0A320027CD52 /* NewsFeedViewController.xib in Resources */ = {isa = PBXBuildFile; fileRef = FF7A12C41EBB80A1008632B8 /* NewsFeedViewController.xib */; };
		2C14FCDD235D0A320027CD52 /* UserProfileViewController.xib in Resources */ = {isa = PBXBuildFile; fileRef = 2C85191A235CBEA100296F7E /* UserProfileViewController.xib */; };
		2C14FCDE235D0A320027CD52 /* PasswordViewController.xib in Resources */ = {isa = PBXBuildFile; fileRef = 2C85190F235BCEB300296F7E /* PasswordViewController.xib */; };
		2C14FCE1235E5DBC0027CD52 /* FriendsInteractor.swift in Sources */ = {isa = PBXBuildFile; fileRef = 2C14FCE0235E5DBC0027CD52 /* FriendsInteractor.swift */; };
		2C14FCE4235E624C0027CD52 /* FriendsViewController.swift in Sources */ = {isa = PBXBuildFile; fileRef = 2C14FCE2235E624C0027CD52 /* FriendsViewController.swift */; };
		2C14FCE5235E624C0027CD52 /* FriendsViewController.xib in Resources */ = {isa = PBXBuildFile; fileRef = 2C14FCE3235E624C0027CD52 /* FriendsViewController.xib */; };
		2C14FCE82360F6C60027CD52 /* MoreViewController.swift in Sources */ = {isa = PBXBuildFile; fileRef = 2C14FCE62360F6C60027CD52 /* MoreViewController.swift */; };
		2C14FCE92360F6C60027CD52 /* MoreViewController.xib in Resources */ = {isa = PBXBuildFile; fileRef = 2C14FCE72360F6C60027CD52 /* MoreViewController.xib */; };
		2C14FCEB23610D2A0027CD52 /* NewsFeedAssembly.swift in Sources */ = {isa = PBXBuildFile; fileRef = 2C14FCEA23610D2A0027CD52 /* NewsFeedAssembly.swift */; };
		2C14FCED23610D350027CD52 /* ProfileAssembly.swift in Sources */ = {isa = PBXBuildFile; fileRef = 2C14FCEC23610D350027CD52 /* ProfileAssembly.swift */; };
		2C14FCEF23610D4F0027CD52 /* MainUserCoordinator.swift in Sources */ = {isa = PBXBuildFile; fileRef = 2C14FCEE23610D4F0027CD52 /* MainUserCoordinator.swift */; };
		2C14FCF123610D5E0027CD52 /* NewsFeedCoordinator.swift in Sources */ = {isa = PBXBuildFile; fileRef = 2C14FCF023610D5E0027CD52 /* NewsFeedCoordinator.swift */; };
		2C14FCF323610D6B0027CD52 /* FriendsCoordinator.swift in Sources */ = {isa = PBXBuildFile; fileRef = 2C14FCF223610D6A0027CD52 /* FriendsCoordinator.swift */; };
		2C14FCF523610D830027CD52 /* MoreCoordinator.swift in Sources */ = {isa = PBXBuildFile; fileRef = 2C14FCF423610D830027CD52 /* MoreCoordinator.swift */; };
		2C14FCF72362572A0027CD52 /* MainAppAssembly.swift in Sources */ = {isa = PBXBuildFile; fileRef = 2C14FCF62362572A0027CD52 /* MainAppAssembly.swift */; };
		2C55D092235B8F0900900A5B /* UserAuthData.swift in Sources */ = {isa = PBXBuildFile; fileRef = 2C55D091235B8F0900900A5B /* UserAuthData.swift */; };
		2C55D096235B992F00900A5B /* ViewController.swift in Sources */ = {isa = PBXBuildFile; fileRef = 2C55D095235B992F00900A5B /* ViewController.swift */; };
		2C55D098235B9B3500900A5B /* ImagesDataSource.swift in Sources */ = {isa = PBXBuildFile; fileRef = 2C55D097235B9B3500900A5B /* ImagesDataSource.swift */; };
		2C55D09A235B9EDB00900A5B /* TimeInterval.swift in Sources */ = {isa = PBXBuildFile; fileRef = 2C55D099235B9EDB00900A5B /* TimeInterval.swift */; };
		2C8518FB235BC0D900296F7E /* RootCoordinator.swift in Sources */ = {isa = PBXBuildFile; fileRef = 2C8518FA235BC0D900296F7E /* RootCoordinator.swift */; };
		2C8518FD235BC14C00296F7E /* RootAssembly.swift in Sources */ = {isa = PBXBuildFile; fileRef = 2C8518FC235BC14C00296F7E /* RootAssembly.swift */; };
		2C851902235BC18400296F7E /* LoginViewController.swift in Sources */ = {isa = PBXBuildFile; fileRef = 2C851900235BC18400296F7E /* LoginViewController.swift */; };
		2C851903235BC18400296F7E /* LoginViewController.xib in Resources */ = {isa = PBXBuildFile; fileRef = 2C851901235BC18400296F7E /* LoginViewController.xib */; };
		2C851905235BC89500296F7E /* AuthenticationAssembly.swift in Sources */ = {isa = PBXBuildFile; fileRef = 2C851904235BC89500296F7E /* AuthenticationAssembly.swift */; };
		2C851907235BC90C00296F7E /* AuthenticationCoordinator.swift in Sources */ = {isa = PBXBuildFile; fileRef = 2C851906235BC90C00296F7E /* AuthenticationCoordinator.swift */; };
		2C85190A235BC97400296F7E /* RegistrationViewController.swift in Sources */ = {isa = PBXBuildFile; fileRef = 2C851908235BC97400296F7E /* RegistrationViewController.swift */; };
		2C85190B235BC97400296F7E /* RegistrationViewController.xib in Resources */ = {isa = PBXBuildFile; fileRef = 2C851909235BC97400296F7E /* RegistrationViewController.xib */; };
		2C851910235BCEB300296F7E /* PasswordViewController.swift in Sources */ = {isa = PBXBuildFile; fileRef = 2C85190E235BCEB300296F7E /* PasswordViewController.swift */; };
		2C851913235BD2CA00296F7E /* UIView.swift in Sources */ = {isa = PBXBuildFile; fileRef = 2C851912235BD2CA00296F7E /* UIView.swift */; };
		2C85191B235CBEA100296F7E /* UserProfileViewController.swift in Sources */ = {isa = PBXBuildFile; fileRef = 2C851919235CBEA100296F7E /* UserProfileViewController.swift */; };
		2CBD30BF235BA1A900E7CA0B /* Result.swift in Sources */ = {isa = PBXBuildFile; fileRef = 2CBD30BE235BA1A900E7CA0B /* Result.swift */; };
		2CBD30C1235BA88700E7CA0B /* UsersInteractor.swift in Sources */ = {isa = PBXBuildFile; fileRef = 2CBD30C0235BA88700E7CA0B /* UsersInteractor.swift */; };
		2CBD30C3235BA96800E7CA0B /* UsersCache.swift in Sources */ = {isa = PBXBuildFile; fileRef = 2CBD30C2235BA96800E7CA0B /* UsersCache.swift */; };
		2CBD30C5235BA9D000E7CA0B /* UsersAPIManager.swift in Sources */ = {isa = PBXBuildFile; fileRef = 2CBD30C4235BA9D000E7CA0B /* UsersAPIManager.swift */; };
		2CBD30C9235BB3AC00E7CA0B /* Backend.swift in Sources */ = {isa = PBXBuildFile; fileRef = 2CBD30C8235BB3AC00E7CA0B /* Backend.swift */; };
		2CBD30CB235BBE1700E7CA0B /* LoginInteractor.swift in Sources */ = {isa = PBXBuildFile; fileRef = 2CBD30CA235BBE1700E7CA0B /* LoginInteractor.swift */; };
		2CBDDE7C231BF3670087242E /* Model.framework in Frameworks */ = {isa = PBXBuildFile; fileRef = 2CBDDE7B231BF3670087242E /* Model.framework */; };
		2CBDDE7D231BF3670087242E /* Model.framework in Embed Frameworks */ = {isa = PBXBuildFile; fileRef = 2CBDDE7B231BF3670087242E /* Model.framework */; settings = {ATTRIBUTES = (CodeSignOnCopy, RemoveHeadersOnCopy, ); }; };
		FF33989A1EC26842002A7711 /* KeyboardHeightObserver.swift in Sources */ = {isa = PBXBuildFile; fileRef = FF3398991EC26842002A7711 /* KeyboardHeightObserver.swift */; };
		FF33989C1EC26C40002A7711 /* TimeInterval+Utils.swift in Sources */ = {isa = PBXBuildFile; fileRef = FF33989B1EC26C40002A7711 /* TimeInterval+Utils.swift */; };
		FF33989E1EC2F00D002A7711 /* NewsFeedCache.swift in Sources */ = {isa = PBXBuildFile; fileRef = FF33989D1EC2F00D002A7711 /* NewsFeedCache.swift */; };
		FF482E4E1EB9F296004DEE00 /* AppDelegate.swift in Sources */ = {isa = PBXBuildFile; fileRef = FF482E4D1EB9F296004DEE00 /* AppDelegate.swift */; };
		FF482E551EB9F296004DEE00 /* Assets.xcassets in Resources */ = {isa = PBXBuildFile; fileRef = FF482E541EB9F296004DEE00 /* Assets.xcassets */; };
		FF482E581EB9F296004DEE00 /* LaunchScreen.storyboard in Resources */ = {isa = PBXBuildFile; fileRef = FF482E561EB9F296004DEE00 /* LaunchScreen.storyboard */; };
		FF482E8E1EB9FFB9004DEE00 /* NewsFeedArticle.swift in Sources */ = {isa = PBXBuildFile; fileRef = FF482E8D1EB9FFB9004DEE00 /* NewsFeedArticle.swift */; };
		FF482E911EBA00F0004DEE00 /* NewsFeedInteractor.swift in Sources */ = {isa = PBXBuildFile; fileRef = FF482E8F1EBA00F0004DEE00 /* NewsFeedInteractor.swift */; };
		FF482E951EBA018A004DEE00 /* NewsFeedAPIManager.swift in Sources */ = {isa = PBXBuildFile; fileRef = FF482E931EBA018A004DEE00 /* NewsFeedAPIManager.swift */; };
		FF482EA11EBA044A004DEE00 /* NewsFeedViewController.swift in Sources */ = {isa = PBXBuildFile; fileRef = FF482E9F1EBA044A004DEE00 /* NewsFeedViewController.swift */; };
		FF482EB61EBA1677004DEE00 /* ArticleDetailsViewController.swift in Sources */ = {isa = PBXBuildFile; fileRef = FF482EB41EBA1677004DEE00 /* ArticleDetailsViewController.swift */; };
		FF482EC41EBA474A004DEE00 /* NewsFeedTableCell.swift in Sources */ = {isa = PBXBuildFile; fileRef = FF482EC31EBA474A004DEE00 /* NewsFeedTableCell.swift */; };
		FF6C22081EC10EBA007A3820 /* RegistrationEmailViewController.swift in Sources */ = {isa = PBXBuildFile; fileRef = FF6C22031EC10EBA007A3820 /* RegistrationEmailViewController.swift */; };
		FF6C22091EC10EBA007A3820 /* RegistrationEmailViewController.xib in Resources */ = {isa = PBXBuildFile; fileRef = FF6C22041EC10EBA007A3820 /* RegistrationEmailViewController.xib */; };
		FF6C22301EC1F09A007A3820 /* UserWelcomeViewController.swift in Sources */ = {isa = PBXBuildFile; fileRef = FF6C222B1EC1F09A007A3820 /* UserWelcomeViewController.swift */; };
		FF6C22311EC1F09A007A3820 /* UserWelcomeViewController.xib in Resources */ = {isa = PBXBuildFile; fileRef = FF6C222C1EC1F09A007A3820 /* UserWelcomeViewController.xib */; };
		FF6C223D1EC1F8F8007A3820 /* Assembly.swift in Sources */ = {isa = PBXBuildFile; fileRef = FF6C223B1EC1F8F8007A3820 /* Assembly.swift */; };
		FF7A12CB1EBB8B25008632B8 /* UITableViewCell+Utils.swift in Sources */ = {isa = PBXBuildFile; fileRef = FF7A12CA1EBB8B25008632B8 /* UITableViewCell+Utils.swift */; };
		FF8113F31EBBBD6900A1B77E /* ArticleDetailsViewController.xib in Resources */ = {isa = PBXBuildFile; fileRef = FF8113F21EBBBD6900A1B77E /* ArticleDetailsViewController.xib */; };
		FFC176F71EC0C28800392ECE /* GenericError.swift in Sources */ = {isa = PBXBuildFile; fileRef = FFC176F61EC0C28800392ECE /* GenericError.swift */; };
		FFF6F5F51EC075C7006E2FC9 /* UserDataSession.swift in Sources */ = {isa = PBXBuildFile; fileRef = FFF6F5F41EC075C7006E2FC9 /* UserDataSession.swift */; };
		FFF6F5F71EC075D0006E2FC9 /* UserProfile.swift in Sources */ = {isa = PBXBuildFile; fileRef = FFF6F5F61EC075D0006E2FC9 /* UserProfile.swift */; };
		FFF6F5F91EC075DC006E2FC9 /* UserRegistrationDataSession.swift in Sources */ = {isa = PBXBuildFile; fileRef = FFF6F5F81EC075DC006E2FC9 /* UserRegistrationDataSession.swift */; };
		FFF6F5FE1EC07C56006E2FC9 /* RegistrationInteractor.swift in Sources */ = {isa = PBXBuildFile; fileRef = FFF6F5FC1EC07C56006E2FC9 /* RegistrationInteractor.swift */; };
		FFF6F6071EC0BCB9006E2FC9 /* AuthenticationAPIManager.swift in Sources */ = {isa = PBXBuildFile; fileRef = FFF6F6051EC0BCB9006E2FC9 /* AuthenticationAPIManager.swift */; };
		FFF6F60A1EC0BDB5006E2FC9 /* UserRegistrationData.swift in Sources */ = {isa = PBXBuildFile; fileRef = FFF6F6091EC0BDB5006E2FC9 /* UserRegistrationData.swift */; };
/* End PBXBuildFile section */

/* Begin PBXCopyFilesBuildPhase section */
		2CBDDE7E231BF3670087242E /* Embed Frameworks */ = {
			isa = PBXCopyFilesBuildPhase;
			buildActionMask = 2147483647;
			dstPath = "";
			dstSubfolderSpec = 10;
			files = (
				2CBDDE7D231BF3670087242E /* Model.framework in Embed Frameworks */,
			);
			name = "Embed Frameworks";
			runOnlyForDeploymentPostprocessing = 0;
		};
/* End PBXCopyFilesBuildPhase section */

/* Begin PBXFileReference section */
		2C14FCE0235E5DBC0027CD52 /* FriendsInteractor.swift */ = {isa = PBXFileReference; lastKnownFileType = sourcecode.swift; path = FriendsInteractor.swift; sourceTree = "<group>"; };
		2C14FCE2235E624C0027CD52 /* FriendsViewController.swift */ = {isa = PBXFileReference; lastKnownFileType = sourcecode.swift; path = FriendsViewController.swift; sourceTree = "<group>"; };
		2C14FCE3235E624C0027CD52 /* FriendsViewController.xib */ = {isa = PBXFileReference; lastKnownFileType = file.xib; path = FriendsViewController.xib; sourceTree = "<group>"; };
		2C14FCE62360F6C60027CD52 /* MoreViewController.swift */ = {isa = PBXFileReference; lastKnownFileType = sourcecode.swift; path = MoreViewController.swift; sourceTree = "<group>"; };
		2C14FCE72360F6C60027CD52 /* MoreViewController.xib */ = {isa = PBXFileReference; lastKnownFileType = file.xib; path = MoreViewController.xib; sourceTree = "<group>"; };
		2C14FCEA23610D2A0027CD52 /* NewsFeedAssembly.swift */ = {isa = PBXFileReference; lastKnownFileType = sourcecode.swift; path = NewsFeedAssembly.swift; sourceTree = "<group>"; };
		2C14FCEC23610D350027CD52 /* ProfileAssembly.swift */ = {isa = PBXFileReference; lastKnownFileType = sourcecode.swift; path = ProfileAssembly.swift; sourceTree = "<group>"; };
		2C14FCEE23610D4F0027CD52 /* MainUserCoordinator.swift */ = {isa = PBXFileReference; lastKnownFileType = sourcecode.swift; path = MainUserCoordinator.swift; sourceTree = "<group>"; };
		2C14FCF023610D5E0027CD52 /* NewsFeedCoordinator.swift */ = {isa = PBXFileReference; lastKnownFileType = sourcecode.swift; path = NewsFeedCoordinator.swift; sourceTree = "<group>"; };
		2C14FCF223610D6A0027CD52 /* FriendsCoordinator.swift */ = {isa = PBXFileReference; lastKnownFileType = sourcecode.swift; path = FriendsCoordinator.swift; sourceTree = "<group>"; };
		2C14FCF423610D830027CD52 /* MoreCoordinator.swift */ = {isa = PBXFileReference; lastKnownFileType = sourcecode.swift; path = MoreCoordinator.swift; sourceTree = "<group>"; };
		2C14FCF62362572A0027CD52 /* MainAppAssembly.swift */ = {isa = PBXFileReference; lastKnownFileType = sourcecode.swift; path = MainAppAssembly.swift; sourceTree = "<group>"; };
		2C55D091235B8F0900900A5B /* UserAuthData.swift */ = {isa = PBXFileReference; lastKnownFileType = sourcecode.swift; path = UserAuthData.swift; sourceTree = "<group>"; };
		2C55D095235B992F00900A5B /* ViewController.swift */ = {isa = PBXFileReference; lastKnownFileType = sourcecode.swift; path = ViewController.swift; sourceTree = "<group>"; };
		2C55D097235B9B3500900A5B /* ImagesDataSource.swift */ = {isa = PBXFileReference; lastKnownFileType = sourcecode.swift; path = ImagesDataSource.swift; sourceTree = "<group>"; };
		2C55D099235B9EDB00900A5B /* TimeInterval.swift */ = {isa = PBXFileReference; lastKnownFileType = sourcecode.swift; path = TimeInterval.swift; sourceTree = "<group>"; };
		2C8518FA235BC0D900296F7E /* RootCoordinator.swift */ = {isa = PBXFileReference; lastKnownFileType = sourcecode.swift; path = RootCoordinator.swift; sourceTree = "<group>"; };
		2C8518FC235BC14C00296F7E /* RootAssembly.swift */ = {isa = PBXFileReference; lastKnownFileType = sourcecode.swift; path = RootAssembly.swift; sourceTree = "<group>"; };
		2C851900235BC18400296F7E /* LoginViewController.swift */ = {isa = PBXFileReference; lastKnownFileType = sourcecode.swift; path = LoginViewController.swift; sourceTree = "<group>"; };
		2C851901235BC18400296F7E /* LoginViewController.xib */ = {isa = PBXFileReference; lastKnownFileType = file.xib; path = LoginViewController.xib; sourceTree = "<group>"; };
		2C851904235BC89500296F7E /* AuthenticationAssembly.swift */ = {isa = PBXFileReference; lastKnownFileType = sourcecode.swift; path = AuthenticationAssembly.swift; sourceTree = "<group>"; };
		2C851906235BC90C00296F7E /* AuthenticationCoordinator.swift */ = {isa = PBXFileReference; lastKnownFileType = sourcecode.swift; path = AuthenticationCoordinator.swift; sourceTree = "<group>"; };
		2C851908235BC97400296F7E /* RegistrationViewController.swift */ = {isa = PBXFileReference; lastKnownFileType = sourcecode.swift; path = RegistrationViewController.swift; sourceTree = "<group>"; };
		2C851909235BC97400296F7E /* RegistrationViewController.xib */ = {isa = PBXFileReference; lastKnownFileType = file.xib; path = RegistrationViewController.xib; sourceTree = "<group>"; };
		2C85190E235BCEB300296F7E /* PasswordViewController.swift */ = {isa = PBXFileReference; lastKnownFileType = sourcecode.swift; path = PasswordViewController.swift; sourceTree = "<group>"; };
		2C85190F235BCEB300296F7E /* PasswordViewController.xib */ = {isa = PBXFileReference; lastKnownFileType = file.xib; path = PasswordViewController.xib; sourceTree = "<group>"; };
		2C851912235BD2CA00296F7E /* UIView.swift */ = {isa = PBXFileReference; lastKnownFileType = sourcecode.swift; path = UIView.swift; sourceTree = "<group>"; };
		2C851919235CBEA100296F7E /* UserProfileViewController.swift */ = {isa = PBXFileReference; lastKnownFileType = sourcecode.swift; path = UserProfileViewController.swift; sourceTree = "<group>"; };
		2C85191A235CBEA100296F7E /* UserProfileViewController.xib */ = {isa = PBXFileReference; lastKnownFileType = file.xib; path = UserProfileViewController.xib; sourceTree = "<group>"; };
		2CBD30BE235BA1A900E7CA0B /* Result.swift */ = {isa = PBXFileReference; lastKnownFileType = sourcecode.swift; path = Result.swift; sourceTree = "<group>"; };
		2CBD30C0235BA88700E7CA0B /* UsersInteractor.swift */ = {isa = PBXFileReference; lastKnownFileType = sourcecode.swift; path = UsersInteractor.swift; sourceTree = "<group>"; };
		2CBD30C2235BA96800E7CA0B /* UsersCache.swift */ = {isa = PBXFileReference; lastKnownFileType = sourcecode.swift; path = UsersCache.swift; sourceTree = "<group>"; };
		2CBD30C4235BA9D000E7CA0B /* UsersAPIManager.swift */ = {isa = PBXFileReference; lastKnownFileType = sourcecode.swift; path = UsersAPIManager.swift; sourceTree = "<group>"; };
		2CBD30C8235BB3AC00E7CA0B /* Backend.swift */ = {isa = PBXFileReference; lastKnownFileType = sourcecode.swift; path = Backend.swift; sourceTree = "<group>"; };
		2CBD30CA235BBE1700E7CA0B /* LoginInteractor.swift */ = {isa = PBXFileReference; lastKnownFileType = sourcecode.swift; path = LoginInteractor.swift; sourceTree = "<group>"; };
		2CBDDE7B231BF3670087242E /* Model.framework */ = {isa = PBXFileReference; explicitFileType = wrapper.framework; path = Model.framework; sourceTree = BUILT_PRODUCTS_DIR; };
		FF3398991EC26842002A7711 /* KeyboardHeightObserver.swift */ = {isa = PBXFileReference; fileEncoding = 4; lastKnownFileType = sourcecode.swift; path = KeyboardHeightObserver.swift; sourceTree = "<group>"; };
		FF33989B1EC26C40002A7711 /* TimeInterval+Utils.swift */ = {isa = PBXFileReference; fileEncoding = 4; lastKnownFileType = sourcecode.swift; path = "TimeInterval+Utils.swift"; sourceTree = "<group>"; };
		FF33989D1EC2F00D002A7711 /* NewsFeedCache.swift */ = {isa = PBXFileReference; fileEncoding = 4; lastKnownFileType = sourcecode.swift; path = NewsFeedCache.swift; sourceTree = "<group>"; };
		FF482E4A1EB9F296004DEE00 /* Model-Sample.app */ = {isa = PBXFileReference; explicitFileType = wrapper.application; includeInIndex = 0; path = "Model-Sample.app"; sourceTree = BUILT_PRODUCTS_DIR; };
		FF482E4D1EB9F296004DEE00 /* AppDelegate.swift */ = {isa = PBXFileReference; lastKnownFileType = sourcecode.swift; path = AppDelegate.swift; sourceTree = "<group>"; };
		FF482E541EB9F296004DEE00 /* Assets.xcassets */ = {isa = PBXFileReference; lastKnownFileType = folder.assetcatalog; path = Assets.xcassets; sourceTree = "<group>"; };
		FF482E571EB9F296004DEE00 /* Base */ = {isa = PBXFileReference; lastKnownFileType = file.storyboard; name = Base; path = Base.lproj/LaunchScreen.storyboard; sourceTree = "<group>"; };
		FF482E591EB9F296004DEE00 /* Info.plist */ = {isa = PBXFileReference; lastKnownFileType = text.plist.xml; path = Info.plist; sourceTree = "<group>"; };
		FF482E8D1EB9FFB9004DEE00 /* NewsFeedArticle.swift */ = {isa = PBXFileReference; fileEncoding = 4; lastKnownFileType = sourcecode.swift; path = NewsFeedArticle.swift; sourceTree = "<group>"; };
		FF482E8F1EBA00F0004DEE00 /* NewsFeedInteractor.swift */ = {isa = PBXFileReference; fileEncoding = 4; lastKnownFileType = sourcecode.swift; path = NewsFeedInteractor.swift; sourceTree = "<group>"; };
		FF482E931EBA018A004DEE00 /* NewsFeedAPIManager.swift */ = {isa = PBXFileReference; fileEncoding = 4; lastKnownFileType = sourcecode.swift; path = NewsFeedAPIManager.swift; sourceTree = "<group>"; };
		FF482E9F1EBA044A004DEE00 /* NewsFeedViewController.swift */ = {isa = PBXFileReference; fileEncoding = 4; lastKnownFileType = sourcecode.swift; path = NewsFeedViewController.swift; sourceTree = "<group>"; };
		FF482EB41EBA1677004DEE00 /* ArticleDetailsViewController.swift */ = {isa = PBXFileReference; fileEncoding = 4; lastKnownFileType = sourcecode.swift; path = ArticleDetailsViewController.swift; sourceTree = "<group>"; };
		FF482EC31EBA474A004DEE00 /* NewsFeedTableCell.swift */ = {isa = PBXFileReference; fileEncoding = 4; lastKnownFileType = sourcecode.swift; path = NewsFeedTableCell.swift; sourceTree = "<group>"; };
		FF6C22031EC10EBA007A3820 /* RegistrationEmailViewController.swift */ = {isa = PBXFileReference; fileEncoding = 4; lastKnownFileType = sourcecode.swift; path = RegistrationEmailViewController.swift; sourceTree = "<group>"; };
		FF6C22041EC10EBA007A3820 /* RegistrationEmailViewController.xib */ = {isa = PBXFileReference; fileEncoding = 4; lastKnownFileType = file.xib; path = RegistrationEmailViewController.xib; sourceTree = "<group>"; };
		FF6C222B1EC1F09A007A3820 /* UserWelcomeViewController.swift */ = {isa = PBXFileReference; fileEncoding = 4; lastKnownFileType = sourcecode.swift; path = UserWelcomeViewController.swift; sourceTree = "<group>"; };
		FF6C222C1EC1F09A007A3820 /* UserWelcomeViewController.xib */ = {isa = PBXFileReference; fileEncoding = 4; lastKnownFileType = file.xib; path = UserWelcomeViewController.xib; sourceTree = "<group>"; };
		FF6C223B1EC1F8F8007A3820 /* Assembly.swift */ = {isa = PBXFileReference; fileEncoding = 4; lastKnownFileType = sourcecode.swift; path = Assembly.swift; sourceTree = "<group>"; };
		FF7A12C41EBB80A1008632B8 /* NewsFeedViewController.xib */ = {isa = PBXFileReference; fileEncoding = 4; lastKnownFileType = file.xib; path = NewsFeedViewController.xib; sourceTree = "<group>"; };
		FF7A12C71EBB8224008632B8 /* NewsFeedTableCell.xib */ = {isa = PBXFileReference; fileEncoding = 4; lastKnownFileType = file.xib; path = NewsFeedTableCell.xib; sourceTree = "<group>"; };
		FF7A12CA1EBB8B25008632B8 /* UITableViewCell+Utils.swift */ = {isa = PBXFileReference; fileEncoding = 4; lastKnownFileType = sourcecode.swift; path = "UITableViewCell+Utils.swift"; sourceTree = "<group>"; };
		FF8113F21EBBBD6900A1B77E /* ArticleDetailsViewController.xib */ = {isa = PBXFileReference; fileEncoding = 4; lastKnownFileType = file.xib; path = ArticleDetailsViewController.xib; sourceTree = "<group>"; };
		FFC176F61EC0C28800392ECE /* GenericError.swift */ = {isa = PBXFileReference; fileEncoding = 4; lastKnownFileType = sourcecode.swift; path = GenericError.swift; sourceTree = "<group>"; };
		FFF6F5F41EC075C7006E2FC9 /* UserDataSession.swift */ = {isa = PBXFileReference; fileEncoding = 4; lastKnownFileType = sourcecode.swift; path = UserDataSession.swift; sourceTree = "<group>"; };
		FFF6F5F61EC075D0006E2FC9 /* UserProfile.swift */ = {isa = PBXFileReference; fileEncoding = 4; lastKnownFileType = sourcecode.swift; path = UserProfile.swift; sourceTree = "<group>"; };
		FFF6F5F81EC075DC006E2FC9 /* UserRegistrationDataSession.swift */ = {isa = PBXFileReference; fileEncoding = 4; lastKnownFileType = sourcecode.swift; path = UserRegistrationDataSession.swift; sourceTree = "<group>"; };
		FFF6F5FC1EC07C56006E2FC9 /* RegistrationInteractor.swift */ = {isa = PBXFileReference; fileEncoding = 4; lastKnownFileType = sourcecode.swift; path = RegistrationInteractor.swift; sourceTree = "<group>"; };
		FFF6F6051EC0BCB9006E2FC9 /* AuthenticationAPIManager.swift */ = {isa = PBXFileReference; fileEncoding = 4; lastKnownFileType = sourcecode.swift; path = AuthenticationAPIManager.swift; sourceTree = "<group>"; };
		FFF6F6091EC0BDB5006E2FC9 /* UserRegistrationData.swift */ = {isa = PBXFileReference; fileEncoding = 4; lastKnownFileType = sourcecode.swift; path = UserRegistrationData.swift; sourceTree = "<group>"; };
/* End PBXFileReference section */

/* Begin PBXFrameworksBuildPhase section */
		FF482E471EB9F296004DEE00 /* Frameworks */ = {
			isa = PBXFrameworksBuildPhase;
			buildActionMask = 2147483647;
			files = (
				2CBDDE7C231BF3670087242E /* Model.framework in Frameworks */,
			);
			runOnlyForDeploymentPostprocessing = 0;
		};
/* End PBXFrameworksBuildPhase section */

/* Begin PBXGroup section */
		2C8518FF235BC16500296F7E /* Login */ = {
			isa = PBXGroup;
			children = (
				2C851900235BC18400296F7E /* LoginViewController.swift */,
				2C851901235BC18400296F7E /* LoginViewController.xib */,
			);
			path = Login;
			sourceTree = "<group>";
		};
		2C85190C235BC97D00296F7E /* Registration */ = {
			isa = PBXGroup;
			children = (
				2C851908235BC97400296F7E /* RegistrationViewController.swift */,
				2C851909235BC97400296F7E /* RegistrationViewController.xib */,
			);
			path = Registration;
			sourceTree = "<group>";
		};
		2C85190D235BCD6B00296F7E /* Password */ = {
			isa = PBXGroup;
			children = (
				2C85190E235BCEB300296F7E /* PasswordViewController.swift */,
				2C85190F235BCEB300296F7E /* PasswordViewController.xib */,
			);
			path = Password;
			sourceTree = "<group>";
		};
		2C851914235BE24C00296F7E /* ______________________________________ */ = {
			isa = PBXGroup;
			children = (
			);
			path = "______________________________________";
			sourceTree = "<group>";
		};
		2C851916235BE28F00296F7E /* Friends */ = {
			isa = PBXGroup;
			children = (
				2C14FCE2235E624C0027CD52 /* FriendsViewController.swift */,
				2C14FCE3235E624C0027CD52 /* FriendsViewController.xib */,
			);
			path = Friends;
			sourceTree = "<group>";
		};
		2C851917235BE2AF00296F7E /* UserProfile */ = {
			isa = PBXGroup;
			children = (
				2C851919235CBEA100296F7E /* UserProfileViewController.swift */,
				2C85191A235CBEA100296F7E /* UserProfileViewController.xib */,
			);
			path = UserProfile;
			sourceTree = "<group>";
		};
		2C851918235BE2B800296F7E /* More */ = {
			isa = PBXGroup;
			children = (
				2C14FCE62360F6C60027CD52 /* MoreViewController.swift */,
				2C14FCE72360F6C60027CD52 /* MoreViewController.xib */,
			);
			path = More;
			sourceTree = "<group>";
		};
		2CBD30C6235BB07100E7CA0B /* Backend API */ = {
			isa = PBXGroup;
			children = (
				FFF6F6051EC0BCB9006E2FC9 /* AuthenticationAPIManager.swift */,
				FF482E931EBA018A004DEE00 /* NewsFeedAPIManager.swift */,
				2CBD30C4235BA9D000E7CA0B /* UsersAPIManager.swift */,
			);
			path = "Backend API";
			sourceTree = "<group>";
		};
		2CCA0D2A2336C32000AECFB3 /* UI */ = {
			isa = PBXGroup;
			children = (
				2C851918235BE2B800296F7E /* More */,
				2C851916235BE28F00296F7E /* Friends */,
				2C8518FF235BC16500296F7E /* Login */,
				FF482E971EBA03D5004DEE00 /* NewsFeed */,
				2C851917235BE2AF00296F7E /* UserProfile */,
				2C85190D235BCD6B00296F7E /* Password */,
				2C85190C235BC97D00296F7E /* Registration */,
				FF482E981EBA03DF004DEE00 /* _ArticleDetails */,
				FFC176F81EC1083200392ECE /* _RegistrationEmail */,
				FF6C22281EC1F067007A3820 /* _UserWelcome */,
			);
			path = UI;
			sourceTree = "<group>";
		};
		FF3398981EC26353002A7711 /* Helpers */ = {
			isa = PBXGroup;
			children = (
				2CBD30C8235BB3AC00E7CA0B /* Backend.swift */,
				2C55D097235B9B3500900A5B /* ImagesDataSource.swift */,
				FF3398991EC26842002A7711 /* KeyboardHeightObserver.swift */,
				2CBD30BE235BA1A900E7CA0B /* Result.swift */,
				2C55D099235B9EDB00900A5B /* TimeInterval.swift */,
				2C851912235BD2CA00296F7E /* UIView.swift */,
				2C55D095235B992F00900A5B /* ViewController.swift */,
			);
			path = Helpers;
			sourceTree = "<group>";
		};
		FF482E411EB9F296004DEE00 = {
			isa = PBXGroup;
			children = (
				FF482E4C1EB9F296004DEE00 /* Model-Sample */,
				FF482E711EB9F2DC004DEE00 /* Frameworks */,
				FF482E4B1EB9F296004DEE00 /* Products */,
			);
			sourceTree = "<group>";
		};
		FF482E4B1EB9F296004DEE00 /* Products */ = {
			isa = PBXGroup;
			children = (
				FF482E4A1EB9F296004DEE00 /* Model-Sample.app */,
			);
			name = Products;
			sourceTree = "<group>";
		};
		FF482E4C1EB9F296004DEE00 /* Model-Sample */ = {
			isa = PBXGroup;
			children = (
				FF482E4D1EB9F296004DEE00 /* AppDelegate.swift */,
				FF482E741EB9F3A3004DEE00 /* Assembly */,
				FF482E731EB9F382004DEE00 /* Coordinators */,
				2CCA0D2A2336C32000AECFB3 /* UI */,
				2C851914235BE24C00296F7E /* ______________________________________ */,
				FF7A12C91EBB8B0D008632B8 /* Extensions */,
				FF482E751EB9F3AE004DEE00 /* DataModels */,
				FFF6F5F31EC075AC006E2FC9 /* DataSessions */,
				FF482E771EB9F3D3004DEE00 /* DataManagers */,
				FF482E761EB9F3C5004DEE00 /* UseCases */,
				FFC176F51EC0C26000392ECE /* Errors */,
				FF3398981EC26353002A7711 /* Helpers */,
				FF482E781EB9F3EC004DEE00 /* SupportingFiles */,
			);
			path = "Model-Sample";
			sourceTree = "<group>";
		};
		FF482E711EB9F2DC004DEE00 /* Frameworks */ = {
			isa = PBXGroup;
			children = (
				2CBDDE7B231BF3670087242E /* Model.framework */,
			);
			name = Frameworks;
			sourceTree = "<group>";
		};
		FF482E731EB9F382004DEE00 /* Coordinators */ = {
			isa = PBXGroup;
			children = (
				2C851906235BC90C00296F7E /* AuthenticationCoordinator.swift */,
				2C14FCF223610D6A0027CD52 /* FriendsCoordinator.swift */,
				2C14FCEE23610D4F0027CD52 /* MainUserCoordinator.swift */,
				2C14FCF423610D830027CD52 /* MoreCoordinator.swift */,
				2C14FCF023610D5E0027CD52 /* NewsFeedCoordinator.swift */,
				2C8518FA235BC0D900296F7E /* RootCoordinator.swift */,
			);
			path = Coordinators;
			sourceTree = "<group>";
		};
		FF482E741EB9F3A3004DEE00 /* Assembly */ = {
			isa = PBXGroup;
			children = (
				FF6C223B1EC1F8F8007A3820 /* Assembly.swift */,
				2C851904235BC89500296F7E /* AuthenticationAssembly.swift */,
				2C14FCF62362572A0027CD52 /* MainAppAssembly.swift */,
				2C14FCEA23610D2A0027CD52 /* NewsFeedAssembly.swift */,
				2C14FCEC23610D350027CD52 /* ProfileAssembly.swift */,
				2C8518FC235BC14C00296F7E /* RootAssembly.swift */,
			);
			path = Assembly;
			sourceTree = "<group>";
		};
		FF482E751EB9F3AE004DEE00 /* DataModels */ = {
			isa = PBXGroup;
			children = (
				FF482E8D1EB9FFB9004DEE00 /* NewsFeedArticle.swift */,
				FFF6F5F61EC075D0006E2FC9 /* UserProfile.swift */,
				FFF6F6091EC0BDB5006E2FC9 /* UserRegistrationData.swift */,
				2C55D091235B8F0900900A5B /* UserAuthData.swift */,
			);
			path = DataModels;
			sourceTree = "<group>";
		};
		FF482E761EB9F3C5004DEE00 /* UseCases */ = {
			isa = PBXGroup;
			children = (
				2C14FCE0235E5DBC0027CD52 /* FriendsInteractor.swift */,
				2CBD30CA235BBE1700E7CA0B /* LoginInteractor.swift */,
				FF482E8F1EBA00F0004DEE00 /* NewsFeedInteractor.swift */,
				FFF6F5FC1EC07C56006E2FC9 /* RegistrationInteractor.swift */,
				2CBD30C0235BA88700E7CA0B /* UsersInteractor.swift */,
			);
			path = UseCases;
			sourceTree = "<group>";
		};
		FF482E771EB9F3D3004DEE00 /* DataManagers */ = {
			isa = PBXGroup;
			children = (
				2CBD30C6235BB07100E7CA0B /* Backend API */,
			);
			path = DataManagers;
			sourceTree = "<group>";
		};
		FF482E781EB9F3EC004DEE00 /* SupportingFiles */ = {
			isa = PBXGroup;
			children = (
				FF482E541EB9F296004DEE00 /* Assets.xcassets */,
				FF482E561EB9F296004DEE00 /* LaunchScreen.storyboard */,
				FF482E591EB9F296004DEE00 /* Info.plist */,
			);
			path = SupportingFiles;
			sourceTree = "<group>";
		};
		FF482E971EBA03D5004DEE00 /* NewsFeed */ = {
			isa = PBXGroup;
			children = (
				FF7A12C61EBB8215008632B8 /* NewsFeedTableCell */,
				FF482E9F1EBA044A004DEE00 /* NewsFeedViewController.swift */,
				FF7A12C41EBB80A1008632B8 /* NewsFeedViewController.xib */,
			);
			path = NewsFeed;
			sourceTree = "<group>";
		};
		FF482E981EBA03DF004DEE00 /* _ArticleDetails */ = {
			isa = PBXGroup;
			children = (
				FF8113F21EBBBD6900A1B77E /* ArticleDetailsViewController.xib */,
				FF482EB41EBA1677004DEE00 /* ArticleDetailsViewController.swift */,
			);
			path = _ArticleDetails;
			sourceTree = "<group>";
		};
		FF6C22281EC1F067007A3820 /* _UserWelcome */ = {
			isa = PBXGroup;
			children = (
				FF6C222C1EC1F09A007A3820 /* UserWelcomeViewController.xib */,
				FF6C222B1EC1F09A007A3820 /* UserWelcomeViewController.swift */,
			);
			path = _UserWelcome;
			sourceTree = "<group>";
		};
		FF7A12C61EBB8215008632B8 /* NewsFeedTableCell */ = {
			isa = PBXGroup;
			children = (
				FF482EC31EBA474A004DEE00 /* NewsFeedTableCell.swift */,
				FF7A12C71EBB8224008632B8 /* NewsFeedTableCell.xib */,
			);
			path = NewsFeedTableCell;
			sourceTree = "<group>";
		};
		FF7A12C91EBB8B0D008632B8 /* Extensions */ = {
			isa = PBXGroup;
			children = (
				FF7A12CA1EBB8B25008632B8 /* UITableViewCell+Utils.swift */,
				FF33989B1EC26C40002A7711 /* TimeInterval+Utils.swift */,
			);
			path = Extensions;
			sourceTree = "<group>";
		};
		FFC176F51EC0C26000392ECE /* Errors */ = {
			isa = PBXGroup;
			children = (
				FFC176F61EC0C28800392ECE /* GenericError.swift */,
			);
			path = Errors;
			sourceTree = "<group>";
		};
		FFC176F81EC1083200392ECE /* _RegistrationEmail */ = {
			isa = PBXGroup;
			children = (
				FF6C22041EC10EBA007A3820 /* RegistrationEmailViewController.xib */,
				FF6C22031EC10EBA007A3820 /* RegistrationEmailViewController.swift */,
			);
			path = _RegistrationEmail;
			sourceTree = "<group>";
		};
		FFF6F5F31EC075AC006E2FC9 /* DataSessions */ = {
			isa = PBXGroup;
			children = (
				FF33989D1EC2F00D002A7711 /* NewsFeedCache.swift */,
				2CBD30C2235BA96800E7CA0B /* UsersCache.swift */,
				FFF6F5F41EC075C7006E2FC9 /* UserDataSession.swift */,
				FFF6F5F81EC075DC006E2FC9 /* UserRegistrationDataSession.swift */,
			);
			path = DataSessions;
			sourceTree = "<group>";
		};
/* End PBXGroup section */

/* Begin PBXNativeTarget section */
		FF482E491EB9F296004DEE00 /* Model-Sample */ = {
			isa = PBXNativeTarget;
			buildConfigurationList = FF482E671EB9F297004DEE00 /* Build configuration list for PBXNativeTarget "Model-Sample" */;
			buildPhases = (
				FF482E461EB9F296004DEE00 /* Sources */,
				FF482E471EB9F296004DEE00 /* Frameworks */,
				FF482E481EB9F296004DEE00 /* Resources */,
				2CBDDE7E231BF3670087242E /* Embed Frameworks */,
			);
			buildRules = (
			);
			dependencies = (
			);
			name = "Model-Sample";
			productName = "ViperBase-Sample";
			productReference = FF482E4A1EB9F296004DEE00 /* Model-Sample.app */;
			productType = "com.apple.product-type.application";
		};
/* End PBXNativeTarget section */

/* Begin PBXProject section */
		FF482E421EB9F296004DEE00 /* Project object */ = {
			isa = PBXProject;
			attributes = {
				LastSwiftUpdateCheck = 0820;
				LastUpgradeCheck = 1020;
				ORGANIZATIONNAME = SOL;
				TargetAttributes = {
					FF482E491EB9F296004DEE00 = {
						CreatedOnToolsVersion = 8.2.1;
						LastSwiftMigration = 1020;
						ProvisioningStyle = Manual;
					};
				};
			};
			buildConfigurationList = FF482E451EB9F296004DEE00 /* Build configuration list for PBXProject "Model-Sample" */;
			compatibilityVersion = "Xcode 3.2";
			developmentRegion = en;
			hasScannedForEncodings = 0;
			knownRegions = (
				en,
				Base,
			);
			mainGroup = FF482E411EB9F296004DEE00;
			productRefGroup = FF482E4B1EB9F296004DEE00 /* Products */;
			projectDirPath = "";
			projectRoot = "";
			targets = (
				FF482E491EB9F296004DEE00 /* Model-Sample */,
			);
		};
/* End PBXProject section */

/* Begin PBXResourcesBuildPhase section */
		FF482E481EB9F296004DEE00 /* Resources */ = {
			isa = PBXResourcesBuildPhase;
			buildActionMask = 2147483647;
			files = (
				2C851903235BC18400296F7E /* LoginViewController.xib in Resources */,
				2C14FCDE235D0A320027CD52 /* PasswordViewController.xib in Resources */,
				2C14FCDD235D0A320027CD52 /* UserProfileViewController.xib in Resources */,
				FF482E581EB9F296004DEE00 /* LaunchScreen.storyboard in Resources */,
				2C14FCDB235D0A320027CD52 /* NewsFeedTableCell.xib in Resources */,
				FF482E551EB9F296004DEE00 /* Assets.xcassets in Resources */,
				2C14FCE92360F6C60027CD52 /* MoreViewController.xib in Resources */,
				FF6C22091EC10EBA007A3820 /* RegistrationEmailViewController.xib in Resources */,
				2C14FCDC235D0A320027CD52 /* NewsFeedViewController.xib in Resources */,
				2C14FCE5235E624C0027CD52 /* FriendsViewController.xib in Resources */,
				2C85190B235BC97400296F7E /* RegistrationViewController.xib in Resources */,
				FF8113F31EBBBD6900A1B77E /* ArticleDetailsViewController.xib in Resources */,
				FF6C22311EC1F09A007A3820 /* UserWelcomeViewController.xib in Resources */,
			);
			runOnlyForDeploymentPostprocessing = 0;
		};
/* End PBXResourcesBuildPhase section */

/* Begin PBXSourcesBuildPhase section */
		FF482E461EB9F296004DEE00 /* Sources */ = {
			isa = PBXSourcesBuildPhase;
			buildActionMask = 2147483647;
			files = (
				2C851902235BC18400296F7E /* LoginViewController.swift in Sources */,
				2C851910235BCEB300296F7E /* PasswordViewController.swift in Sources */,
				2CBD30C5235BA9D000E7CA0B /* UsersAPIManager.swift in Sources */,
				2C851907235BC90C00296F7E /* AuthenticationCoordinator.swift in Sources */,
				2C14FCF123610D5E0027CD52 /* NewsFeedCoordinator.swift in Sources */,
				2C14FCEF23610D4F0027CD52 /* MainUserCoordinator.swift in Sources */,
				2C14FCE4235E624C0027CD52 /* FriendsViewController.swift in Sources */,
				FF6C22081EC10EBA007A3820 /* RegistrationEmailViewController.swift in Sources */,
				FFC176F71EC0C28800392ECE /* GenericError.swift in Sources */,
				2CBD30C1235BA88700E7CA0B /* UsersInteractor.swift in Sources */,
				FF482E4E1EB9F296004DEE00 /* AppDelegate.swift in Sources */,
				FF33989E1EC2F00D002A7711 /* NewsFeedCache.swift in Sources */,
				FF482EC41EBA474A004DEE00 /* NewsFeedTableCell.swift in Sources */,
				2C14FCF523610D830027CD52 /* MoreCoordinator.swift in Sources */,
				2C851913235BD2CA00296F7E /* UIView.swift in Sources */,
				2CBD30C3235BA96800E7CA0B /* UsersCache.swift in Sources */,
				2C14FCE1235E5DBC0027CD52 /* FriendsInteractor.swift in Sources */,
				2C8518FB235BC0D900296F7E /* RootCoordinator.swift in Sources */,
				FF482EA11EBA044A004DEE00 /* NewsFeedViewController.swift in Sources */,
				2C14FCF323610D6B0027CD52 /* FriendsCoordinator.swift in Sources */,
				FFF6F5F71EC075D0006E2FC9 /* UserProfile.swift in Sources */,
				FF7A12CB1EBB8B25008632B8 /* UITableViewCell+Utils.swift in Sources */,
				2C55D092235B8F0900900A5B /* UserAuthData.swift in Sources */,
				FFF6F5F91EC075DC006E2FC9 /* UserRegistrationDataSession.swift in Sources */,
				FFF6F60A1EC0BDB5006E2FC9 /* UserRegistrationData.swift in Sources */,
				2CBD30C9235BB3AC00E7CA0B /* Backend.swift in Sources */,
				FF33989A1EC26842002A7711 /* KeyboardHeightObserver.swift in Sources */,
				2C851905235BC89500296F7E /* AuthenticationAssembly.swift in Sources */,
				FFF6F6071EC0BCB9006E2FC9 /* AuthenticationAPIManager.swift in Sources */,
				FF6C223D1EC1F8F8007A3820 /* Assembly.swift in Sources */,
				2C14FCF72362572A0027CD52 /* MainAppAssembly.swift in Sources */,
				2C14FCEB23610D2A0027CD52 /* NewsFeedAssembly.swift in Sources */,
				FFF6F5FE1EC07C56006E2FC9 /* RegistrationInteractor.swift in Sources */,
				2C14FCED23610D350027CD52 /* ProfileAssembly.swift in Sources */,
				FF482EB61EBA1677004DEE00 /* ArticleDetailsViewController.swift in Sources */,
				FF482E951EBA018A004DEE00 /* NewsFeedAPIManager.swift in Sources */,
				2C55D098235B9B3500900A5B /* ImagesDataSource.swift in Sources */,
				2C55D09A235B9EDB00900A5B /* TimeInterval.swift in Sources */,
				2C14FCE82360F6C60027CD52 /* MoreViewController.swift in Sources */,
				2C55D096235B992F00900A5B /* ViewController.swift in Sources */,
				2C85190A235BC97400296F7E /* RegistrationViewController.swift in Sources */,
				FF482E911EBA00F0004DEE00 /* NewsFeedInteractor.swift in Sources */,
				2C85191B235CBEA100296F7E /* UserProfileViewController.swift in Sources */,
				2CBD30CB235BBE1700E7CA0B /* LoginInteractor.swift in Sources */,
				2C8518FD235BC14C00296F7E /* RootAssembly.swift in Sources */,
				2CBD30BF235BA1A900E7CA0B /* Result.swift in Sources */,
				FFF6F5F51EC075C7006E2FC9 /* UserDataSession.swift in Sources */,
				FF33989C1EC26C40002A7711 /* TimeInterval+Utils.swift in Sources */,
				FF6C22301EC1F09A007A3820 /* UserWelcomeViewController.swift in Sources */,
				FF482E8E1EB9FFB9004DEE00 /* NewsFeedArticle.swift in Sources */,
			);
			runOnlyForDeploymentPostprocessing = 0;
		};
/* End PBXSourcesBuildPhase section */

/* Begin PBXVariantGroup section */
		FF482E561EB9F296004DEE00 /* LaunchScreen.storyboard */ = {
			isa = PBXVariantGroup;
			children = (
				FF482E571EB9F296004DEE00 /* Base */,
			);
			name = LaunchScreen.storyboard;
			path = .;
			sourceTree = "<group>";
		};
/* End PBXVariantGroup section */

/* Begin XCBuildConfiguration section */
		FF482E651EB9F297004DEE00 /* Debug */ = {
			isa = XCBuildConfiguration;
			buildSettings = {
				ALWAYS_SEARCH_USER_PATHS = NO;
				CLANG_ANALYZER_LOCALIZABILITY_NONLOCALIZED = YES;
				CLANG_ANALYZER_NONNULL = YES;
				CLANG_CXX_LANGUAGE_STANDARD = "gnu++0x";
				CLANG_CXX_LIBRARY = "libc++";
				CLANG_ENABLE_MODULES = YES;
				CLANG_ENABLE_OBJC_ARC = YES;
				CLANG_WARN_BLOCK_CAPTURE_AUTORELEASING = YES;
				CLANG_WARN_BOOL_CONVERSION = YES;
				CLANG_WARN_COMMA = YES;
				CLANG_WARN_CONSTANT_CONVERSION = YES;
				CLANG_WARN_DEPRECATED_OBJC_IMPLEMENTATIONS = YES;
				CLANG_WARN_DIRECT_OBJC_ISA_USAGE = YES_ERROR;
				CLANG_WARN_DOCUMENTATION_COMMENTS = YES;
				CLANG_WARN_EMPTY_BODY = YES;
				CLANG_WARN_ENUM_CONVERSION = YES;
				CLANG_WARN_INFINITE_RECURSION = YES;
				CLANG_WARN_INT_CONVERSION = YES;
				CLANG_WARN_NON_LITERAL_NULL_CONVERSION = YES;
				CLANG_WARN_OBJC_IMPLICIT_RETAIN_SELF = YES;
				CLANG_WARN_OBJC_LITERAL_CONVERSION = YES;
				CLANG_WARN_OBJC_ROOT_CLASS = YES_ERROR;
				CLANG_WARN_RANGE_LOOP_ANALYSIS = YES;
				CLANG_WARN_STRICT_PROTOTYPES = YES;
				CLANG_WARN_SUSPICIOUS_MOVE = YES;
				CLANG_WARN_UNREACHABLE_CODE = YES;
				CLANG_WARN__DUPLICATE_METHOD_MATCH = YES;
				"CODE_SIGN_IDENTITY[sdk=iphoneos*]" = "iPhone Developer";
				COPY_PHASE_STRIP = NO;
				DEBUG_INFORMATION_FORMAT = dwarf;
				ENABLE_STRICT_OBJC_MSGSEND = YES;
				ENABLE_TESTABILITY = YES;
				GCC_C_LANGUAGE_STANDARD = gnu99;
				GCC_DYNAMIC_NO_PIC = NO;
				GCC_NO_COMMON_BLOCKS = YES;
				GCC_OPTIMIZATION_LEVEL = 0;
				GCC_PREPROCESSOR_DEFINITIONS = (
					"DEBUG=1",
					"$(inherited)",
				);
				GCC_WARN_64_TO_32_BIT_CONVERSION = YES;
				GCC_WARN_ABOUT_RETURN_TYPE = YES_ERROR;
				GCC_WARN_UNDECLARED_SELECTOR = YES;
				GCC_WARN_UNINITIALIZED_AUTOS = YES_AGGRESSIVE;
				GCC_WARN_UNUSED_FUNCTION = YES;
				GCC_WARN_UNUSED_VARIABLE = YES;
				IPHONEOS_DEPLOYMENT_TARGET = 10.0;
				MTL_ENABLE_DEBUG_INFO = YES;
				ONLY_ACTIVE_ARCH = YES;
				SDKROOT = iphoneos;
				SWIFT_ACTIVE_COMPILATION_CONDITIONS = DEBUG;
				SWIFT_OPTIMIZATION_LEVEL = "-Onone";
				SWIFT_VERSION = 4.0;
				TARGETED_DEVICE_FAMILY = "1,2";
			};
			name = Debug;
		};
		FF482E661EB9F297004DEE00 /* Release */ = {
			isa = XCBuildConfiguration;
			buildSettings = {
				ALWAYS_SEARCH_USER_PATHS = NO;
				CLANG_ANALYZER_LOCALIZABILITY_NONLOCALIZED = YES;
				CLANG_ANALYZER_NONNULL = YES;
				CLANG_CXX_LANGUAGE_STANDARD = "gnu++0x";
				CLANG_CXX_LIBRARY = "libc++";
				CLANG_ENABLE_MODULES = YES;
				CLANG_ENABLE_OBJC_ARC = YES;
				CLANG_WARN_BLOCK_CAPTURE_AUTORELEASING = YES;
				CLANG_WARN_BOOL_CONVERSION = YES;
				CLANG_WARN_COMMA = YES;
				CLANG_WARN_CONSTANT_CONVERSION = YES;
				CLANG_WARN_DEPRECATED_OBJC_IMPLEMENTATIONS = YES;
				CLANG_WARN_DIRECT_OBJC_ISA_USAGE = YES_ERROR;
				CLANG_WARN_DOCUMENTATION_COMMENTS = YES;
				CLANG_WARN_EMPTY_BODY = YES;
				CLANG_WARN_ENUM_CONVERSION = YES;
				CLANG_WARN_INFINITE_RECURSION = YES;
				CLANG_WARN_INT_CONVERSION = YES;
				CLANG_WARN_NON_LITERAL_NULL_CONVERSION = YES;
				CLANG_WARN_OBJC_IMPLICIT_RETAIN_SELF = YES;
				CLANG_WARN_OBJC_LITERAL_CONVERSION = YES;
				CLANG_WARN_OBJC_ROOT_CLASS = YES_ERROR;
				CLANG_WARN_RANGE_LOOP_ANALYSIS = YES;
				CLANG_WARN_STRICT_PROTOTYPES = YES;
				CLANG_WARN_SUSPICIOUS_MOVE = YES;
				CLANG_WARN_UNREACHABLE_CODE = YES;
				CLANG_WARN__DUPLICATE_METHOD_MATCH = YES;
				"CODE_SIGN_IDENTITY[sdk=iphoneos*]" = "iPhone Developer";
				COPY_PHASE_STRIP = NO;
				DEBUG_INFORMATION_FORMAT = "dwarf-with-dsym";
				ENABLE_NS_ASSERTIONS = NO;
				ENABLE_STRICT_OBJC_MSGSEND = YES;
				GCC_C_LANGUAGE_STANDARD = gnu99;
				GCC_NO_COMMON_BLOCKS = YES;
				GCC_WARN_64_TO_32_BIT_CONVERSION = YES;
				GCC_WARN_ABOUT_RETURN_TYPE = YES_ERROR;
				GCC_WARN_UNDECLARED_SELECTOR = YES;
				GCC_WARN_UNINITIALIZED_AUTOS = YES_AGGRESSIVE;
				GCC_WARN_UNUSED_FUNCTION = YES;
				GCC_WARN_UNUSED_VARIABLE = YES;
				IPHONEOS_DEPLOYMENT_TARGET = 10.0;
				MTL_ENABLE_DEBUG_INFO = NO;
				SDKROOT = iphoneos;
				SWIFT_OPTIMIZATION_LEVEL = "-Owholemodule";
				SWIFT_VERSION = 4.0;
				TARGETED_DEVICE_FAMILY = "1,2";
				VALIDATE_PRODUCT = YES;
			};
			name = Release;
		};
		FF482E681EB9F297004DEE00 /* Debug */ = {
			isa = XCBuildConfiguration;
			buildSettings = {
				ASSETCATALOG_COMPILER_APPICON_NAME = AppIcon;
				INFOPLIST_FILE = "Model-Sample/SupportingFiles/Info.plist";
				LD_RUNPATH_SEARCH_PATHS = "$(inherited) @executable_path/Frameworks";
				PRODUCT_BUNDLE_IDENTIFIER = "Model-Sample";
				PRODUCT_NAME = "$(TARGET_NAME)";
				SWIFT_VERSION = 5.0;
				TARGETED_DEVICE_FAMILY = "1,2";
			};
			name = Debug;
		};
		FF482E691EB9F297004DEE00 /* Release */ = {
			isa = XCBuildConfiguration;
			buildSettings = {
				ASSETCATALOG_COMPILER_APPICON_NAME = AppIcon;
				INFOPLIST_FILE = "Model-Sample/SupportingFiles/Info.plist";
				LD_RUNPATH_SEARCH_PATHS = "$(inherited) @executable_path/Frameworks";
				PRODUCT_BUNDLE_IDENTIFIER = "Model-Sample";
				PRODUCT_NAME = "$(TARGET_NAME)";
				SWIFT_VERSION = 5.0;
				TARGETED_DEVICE_FAMILY = "1,2";
			};
			name = Release;
		};
/* End XCBuildConfiguration section */

/* Begin XCConfigurationList section */
		FF482E451EB9F296004DEE00 /* Build configuration list for PBXProject "Model-Sample" */ = {
			isa = XCConfigurationList;
			buildConfigurations = (
				FF482E651EB9F297004DEE00 /* Debug */,
				FF482E661EB9F297004DEE00 /* Release */,
			);
			defaultConfigurationIsVisible = 0;
			defaultConfigurationName = Release;
		};
		FF482E671EB9F297004DEE00 /* Build configuration list for PBXNativeTarget "Model-Sample" */ = {
			isa = XCConfigurationList;
			buildConfigurations = (
				FF482E681EB9F297004DEE00 /* Debug */,
				FF482E691EB9F297004DEE00 /* Release */,
			);
			defaultConfigurationIsVisible = 0;
			defaultConfigurationName = Release;
		};
/* End XCConfigurationList section */
	};
	rootObject = FF482E421EB9F296004DEE00 /* Project object */;
}
